// !$*UTF8*$!
{
	archiveVersion = 1;
	classes = {
	};
	objectVersion = 50;
	objects = {

/* Begin PBXBuildFile section */
		074C06CE25F582BF00C33236 /* Date.swift in Sources */ = {isa = PBXBuildFile; fileRef = 074C06CD25F582BF00C33236 /* Date.swift */; };
		0777BA122603F8D60022C03F /* FileManager.swift in Sources */ = {isa = PBXBuildFile; fileRef = 0777BA112603F8D60022C03F /* FileManager.swift */; };
		07B0727C25FEA9E400436E56 /* AbsenceItem.swift in Sources */ = {isa = PBXBuildFile; fileRef = 07B0727B25FEA9E400436E56 /* AbsenceItem.swift */; };
		07B0728125FEC3F300436E56 /* StudentAbsence.swift in Sources */ = {isa = PBXBuildFile; fileRef = 07B0728025FEC3F300436E56 /* StudentAbsence.swift */; };
		07B072862600088600436E56 /* Absence.swift in Sources */ = {isa = PBXBuildFile; fileRef = 07B072852600088600436E56 /* Absence.swift */; };
		07B0728B26000D0A00436E56 /* DivisionTests.swift in Sources */ = {isa = PBXBuildFile; fileRef = 07B0728A26000D0A00436E56 /* DivisionTests.swift */; };
		07C4BB7625ED714C00A67CC5 /* AbsenceRecorderApp.swift in Sources */ = {isa = PBXBuildFile; fileRef = 07C4BB7525ED714C00A67CC5 /* AbsenceRecorderApp.swift */; };
		07C4BB7825ED714C00A67CC5 /* DivisionsView.swift in Sources */ = {isa = PBXBuildFile; fileRef = 07C4BB7725ED714C00A67CC5 /* DivisionsView.swift */; };
		07C4BB7A25ED715000A67CC5 /* Assets.xcassets in Resources */ = {isa = PBXBuildFile; fileRef = 07C4BB7925ED715000A67CC5 /* Assets.xcassets */; };
		07C4BB7D25ED715000A67CC5 /* Preview Assets.xcassets in Resources */ = {isa = PBXBuildFile; fileRef = 07C4BB7C25ED715000A67CC5 /* Preview Assets.xcassets */; };
		07C4BB8825ED715100A67CC5 /* AbsenceRecorderTests.swift in Sources */ = {isa = PBXBuildFile; fileRef = 07C4BB8725ED715100A67CC5 /* AbsenceRecorderTests.swift */; };
		07C4BB9325ED715100A67CC5 /* AbsenceRecorderUITests.swift in Sources */ = {isa = PBXBuildFile; fileRef = 07C4BB9225ED715100A67CC5 /* AbsenceRecorderUITests.swift */; };
		07C4BBA625ED7A4600A67CC5 /* Student.swift in Sources */ = {isa = PBXBuildFile; fileRef = 07C4BBA525ED7A4600A67CC5 /* Student.swift */; };
		07C4BBB125ED7AA600A67CC5 /* Division.swift in Sources */ = {isa = PBXBuildFile; fileRef = 07C4BBB025ED7AA600A67CC5 /* Division.swift */; };
		07CD64AA25F58C1F00D8A7E9 /* DivisionItem.swift in Sources */ = {isa = PBXBuildFile; fileRef = 07CD64A925F58C1F00D8A7E9 /* DivisionItem.swift */; };
		07EB712025FACC8D000E2965 /* AbsenceView.swift in Sources */ = {isa = PBXBuildFile; fileRef = 07EB711F25FACC8C000E2965 /* AbsenceView.swift */; };
		07EB712525FACDEA000E2965 /* RootTabView.swift in Sources */ = {isa = PBXBuildFile; fileRef = 07EB712425FACDE9000E2965 /* RootTabView.swift */; };
		07EB713425FAD09E000E2965 /* StatisticsView.swift in Sources */ = {isa = PBXBuildFile; fileRef = 07EB713325FAD09E000E2965 /* StatisticsView.swift */; };
		07EB713C25FAD2CA000E2965 /* StateController.swift in Sources */ = {isa = PBXBuildFile; fileRef = 07EB713B25FAD2CA000E2965 /* StateController.swift */; };
/* End PBXBuildFile section */

/* Begin PBXContainerItemProxy section */
		07C4BB8425ED715100A67CC5 /* PBXContainerItemProxy */ = {
			isa = PBXContainerItemProxy;
			containerPortal = 07C4BB6A25ED714C00A67CC5 /* Project object */;
			proxyType = 1;
			remoteGlobalIDString = 07C4BB7125ED714C00A67CC5;
			remoteInfo = AbsenceRecorder;
		};
		07C4BB8F25ED715100A67CC5 /* PBXContainerItemProxy */ = {
			isa = PBXContainerItemProxy;
			containerPortal = 07C4BB6A25ED714C00A67CC5 /* Project object */;
			proxyType = 1;
			remoteGlobalIDString = 07C4BB7125ED714C00A67CC5;
			remoteInfo = AbsenceRecorder;
		};
/* End PBXContainerItemProxy section */

/* Begin PBXFileReference section */
		074C06CD25F582BF00C33236 /* Date.swift */ = {isa = PBXFileReference; lastKnownFileType = sourcecode.swift; path = Date.swift; sourceTree = "<group>"; };
		0777BA112603F8D60022C03F /* FileManager.swift */ = {isa = PBXFileReference; lastKnownFileType = sourcecode.swift; path = FileManager.swift; sourceTree = "<group>"; };
		07B0727B25FEA9E400436E56 /* AbsenceItem.swift */ = {isa = PBXFileReference; lastKnownFileType = sourcecode.swift; path = AbsenceItem.swift; sourceTree = "<group>"; };
		07B0728025FEC3F300436E56 /* StudentAbsence.swift */ = {isa = PBXFileReference; lastKnownFileType = sourcecode.swift; path = StudentAbsence.swift; sourceTree = "<group>"; };
		07B072852600088600436E56 /* Absence.swift */ = {isa = PBXFileReference; lastKnownFileType = sourcecode.swift; path = Absence.swift; sourceTree = "<group>"; };
		07B0728A26000D0A00436E56 /* DivisionTests.swift */ = {isa = PBXFileReference; lastKnownFileType = sourcecode.swift; path = DivisionTests.swift; sourceTree = "<group>"; };
		07C4BB7225ED714C00A67CC5 /* AbsenceRecorder.app */ = {isa = PBXFileReference; explicitFileType = wrapper.application; includeInIndex = 0; path = AbsenceRecorder.app; sourceTree = BUILT_PRODUCTS_DIR; };
		07C4BB7525ED714C00A67CC5 /* AbsenceRecorderApp.swift */ = {isa = PBXFileReference; lastKnownFileType = sourcecode.swift; path = AbsenceRecorderApp.swift; sourceTree = "<group>"; };
		07C4BB7725ED714C00A67CC5 /* DivisionsView.swift */ = {isa = PBXFileReference; lastKnownFileType = sourcecode.swift; path = DivisionsView.swift; sourceTree = "<group>"; };
		07C4BB7925ED715000A67CC5 /* Assets.xcassets */ = {isa = PBXFileReference; lastKnownFileType = folder.assetcatalog; path = Assets.xcassets; sourceTree = "<group>"; };
		07C4BB7C25ED715000A67CC5 /* Preview Assets.xcassets */ = {isa = PBXFileReference; lastKnownFileType = folder.assetcatalog; path = "Preview Assets.xcassets"; sourceTree = "<group>"; };
		07C4BB7E25ED715000A67CC5 /* Info.plist */ = {isa = PBXFileReference; lastKnownFileType = text.plist.xml; path = Info.plist; sourceTree = "<group>"; };
		07C4BB8325ED715100A67CC5 /* AbsenceRecorderTests.xctest */ = {isa = PBXFileReference; explicitFileType = wrapper.cfbundle; includeInIndex = 0; path = AbsenceRecorderTests.xctest; sourceTree = BUILT_PRODUCTS_DIR; };
		07C4BB8725ED715100A67CC5 /* AbsenceRecorderTests.swift */ = {isa = PBXFileReference; lastKnownFileType = sourcecode.swift; path = AbsenceRecorderTests.swift; sourceTree = "<group>"; };
		07C4BB8925ED715100A67CC5 /* Info.plist */ = {isa = PBXFileReference; lastKnownFileType = text.plist.xml; path = Info.plist; sourceTree = "<group>"; };
		07C4BB8E25ED715100A67CC5 /* AbsenceRecorderUITests.xctest */ = {isa = PBXFileReference; explicitFileType = wrapper.cfbundle; includeInIndex = 0; path = AbsenceRecorderUITests.xctest; sourceTree = BUILT_PRODUCTS_DIR; };
		07C4BB9225ED715100A67CC5 /* AbsenceRecorderUITests.swift */ = {isa = PBXFileReference; lastKnownFileType = sourcecode.swift; path = AbsenceRecorderUITests.swift; sourceTree = "<group>"; };
		07C4BB9425ED715100A67CC5 /* Info.plist */ = {isa = PBXFileReference; lastKnownFileType = text.plist.xml; path = Info.plist; sourceTree = "<group>"; };
		07C4BBA525ED7A4600A67CC5 /* Student.swift */ = {isa = PBXFileReference; lastKnownFileType = sourcecode.swift; path = Student.swift; sourceTree = "<group>"; };
		07C4BBB025ED7AA600A67CC5 /* Division.swift */ = {isa = PBXFileReference; lastKnownFileType = sourcecode.swift; path = Division.swift; sourceTree = "<group>"; };
		07CD64A925F58C1F00D8A7E9 /* DivisionItem.swift */ = {isa = PBXFileReference; lastKnownFileType = sourcecode.swift; path = DivisionItem.swift; sourceTree = "<group>"; };
		07EB711F25FACC8C000E2965 /* AbsenceView.swift */ = {isa = PBXFileReference; lastKnownFileType = sourcecode.swift; path = AbsenceView.swift; sourceTree = "<group>"; };
		07EB712425FACDE9000E2965 /* RootTabView.swift */ = {isa = PBXFileReference; lastKnownFileType = sourcecode.swift; path = RootTabView.swift; sourceTree = "<group>"; };
		07EB713325FAD09E000E2965 /* StatisticsView.swift */ = {isa = PBXFileReference; lastKnownFileType = sourcecode.swift; path = StatisticsView.swift; sourceTree = "<group>"; };
		07EB713B25FAD2CA000E2965 /* StateController.swift */ = {isa = PBXFileReference; lastKnownFileType = sourcecode.swift; path = StateController.swift; sourceTree = "<group>"; };
/* End PBXFileReference section */

/* Begin PBXFrameworksBuildPhase section */
		07C4BB6F25ED714C00A67CC5 /* Frameworks */ = {
			isa = PBXFrameworksBuildPhase;
			buildActionMask = 2147483647;
			files = (
			);
			runOnlyForDeploymentPostprocessing = 0;
		};
		07C4BB8025ED715100A67CC5 /* Frameworks */ = {
			isa = PBXFrameworksBuildPhase;
			buildActionMask = 2147483647;
			files = (
			);
			runOnlyForDeploymentPostprocessing = 0;
		};
		07C4BB8B25ED715100A67CC5 /* Frameworks */ = {
			isa = PBXFrameworksBuildPhase;
			buildActionMask = 2147483647;
			files = (
			);
			runOnlyForDeploymentPostprocessing = 0;
		};
/* End PBXFrameworksBuildPhase section */

/* Begin PBXGroup section */
		074C06CC25F5829000C33236 /* Extensions */ = {
			isa = PBXGroup;
			children = (
				074C06CD25F582BF00C33236 /* Date.swift */,
				0777BA112603F8D60022C03F /* FileManager.swift */,
			);
			path = Extensions;
			sourceTree = "<group>";
		};
		07C4BB6925ED714C00A67CC5 = {
			isa = PBXGroup;
			children = (
				07C4BB7425ED714C00A67CC5 /* AbsenceRecorder */,
				07C4BB8625ED715100A67CC5 /* AbsenceRecorderTests */,
				07C4BB9125ED715100A67CC5 /* AbsenceRecorderUITests */,
				07C4BB7325ED714C00A67CC5 /* Products */,
			);
			sourceTree = "<group>";
		};
		07C4BB7325ED714C00A67CC5 /* Products */ = {
			isa = PBXGroup;
			children = (
				07C4BB7225ED714C00A67CC5 /* AbsenceRecorder.app */,
				07C4BB8325ED715100A67CC5 /* AbsenceRecorderTests.xctest */,
				07C4BB8E25ED715100A67CC5 /* AbsenceRecorderUITests.xctest */,
			);
			name = Products;
			sourceTree = "<group>";
		};
		07C4BB7425ED714C00A67CC5 /* AbsenceRecorder */ = {
			isa = PBXGroup;
			children = (
				074C06CC25F5829000C33236 /* Extensions */,
				07C4BBA425ED7A0300A67CC5 /* View */,
				07C4BBA325ED79FB00A67CC5 /* Model */,
				07C4BB7925ED715000A67CC5 /* Assets.xcassets */,
				07C4BB7E25ED715000A67CC5 /* Info.plist */,
				07C4BB7B25ED715000A67CC5 /* Preview Content */,
				07EB713B25FAD2CA000E2965 /* StateController.swift */,
			);
			path = AbsenceRecorder;
			sourceTree = "<group>";
		};
		07C4BB7B25ED715000A67CC5 /* Preview Content */ = {
			isa = PBXGroup;
			children = (
				07C4BB7C25ED715000A67CC5 /* Preview Assets.xcassets */,
			);
			path = "Preview Content";
			sourceTree = "<group>";
		};
		07C4BB8625ED715100A67CC5 /* AbsenceRecorderTests */ = {
			isa = PBXGroup;
			children = (
				07C4BB8725ED715100A67CC5 /* AbsenceRecorderTests.swift */,
				07C4BB8925ED715100A67CC5 /* Info.plist */,
				07B0728A26000D0A00436E56 /* DivisionTests.swift */,
			);
			path = AbsenceRecorderTests;
			sourceTree = "<group>";
		};
		07C4BB9125ED715100A67CC5 /* AbsenceRecorderUITests */ = {
			isa = PBXGroup;
			children = (
				07C4BB9225ED715100A67CC5 /* AbsenceRecorderUITests.swift */,
				07C4BB9425ED715100A67CC5 /* Info.plist */,
			);
			path = AbsenceRecorderUITests;
			sourceTree = "<group>";
		};
		07C4BBA325ED79FB00A67CC5 /* Model */ = {
			isa = PBXGroup;
			children = (
				07C4BB7525ED714C00A67CC5 /* AbsenceRecorderApp.swift */,
				07C4BBA525ED7A4600A67CC5 /* Student.swift */,
				07C4BBB025ED7AA600A67CC5 /* Division.swift */,
				07B0728025FEC3F300436E56 /* StudentAbsence.swift */,
				07B072852600088600436E56 /* Absence.swift */,
			);
			path = Model;
			sourceTree = "<group>";
		};
		07C4BBA425ED7A0300A67CC5 /* View */ = {
			isa = PBXGroup;
			children = (
				07C4BB7725ED714C00A67CC5 /* DivisionsView.swift */,
				07CD64A925F58C1F00D8A7E9 /* DivisionItem.swift */,
				07EB711F25FACC8C000E2965 /* AbsenceView.swift */,
				07EB712425FACDE9000E2965 /* RootTabView.swift */,
				07EB713325FAD09E000E2965 /* StatisticsView.swift */,
				07B0727B25FEA9E400436E56 /* AbsenceItem.swift */,
			);
			path = View;
			sourceTree = "<group>";
		};
/* End PBXGroup section */

/* Begin PBXNativeTarget section */
		07C4BB7125ED714C00A67CC5 /* AbsenceRecorder */ = {
			isa = PBXNativeTarget;
			buildConfigurationList = 07C4BB9725ED715100A67CC5 /* Build configuration list for PBXNativeTarget "AbsenceRecorder" */;
			buildPhases = (
				07C4BB6E25ED714C00A67CC5 /* Sources */,
				07C4BB6F25ED714C00A67CC5 /* Frameworks */,
				07C4BB7025ED714C00A67CC5 /* Resources */,
			);
			buildRules = (
			);
			dependencies = (
			);
			name = AbsenceRecorder;
			productName = AbsenceRecorder;
			productReference = 07C4BB7225ED714C00A67CC5 /* AbsenceRecorder.app */;
			productType = "com.apple.product-type.application";
		};
		07C4BB8225ED715100A67CC5 /* AbsenceRecorderTests */ = {
			isa = PBXNativeTarget;
			buildConfigurationList = 07C4BB9A25ED715100A67CC5 /* Build configuration list for PBXNativeTarget "AbsenceRecorderTests" */;
			buildPhases = (
				07C4BB7F25ED715100A67CC5 /* Sources */,
				07C4BB8025ED715100A67CC5 /* Frameworks */,
				07C4BB8125ED715100A67CC5 /* Resources */,
			);
			buildRules = (
			);
			dependencies = (
				07C4BB8525ED715100A67CC5 /* PBXTargetDependency */,
			);
			name = AbsenceRecorderTests;
			productName = AbsenceRecorderTests;
			productReference = 07C4BB8325ED715100A67CC5 /* AbsenceRecorderTests.xctest */;
			productType = "com.apple.product-type.bundle.unit-test";
		};
		07C4BB8D25ED715100A67CC5 /* AbsenceRecorderUITests */ = {
			isa = PBXNativeTarget;
			buildConfigurationList = 07C4BB9D25ED715100A67CC5 /* Build configuration list for PBXNativeTarget "AbsenceRecorderUITests" */;
			buildPhases = (
				07C4BB8A25ED715100A67CC5 /* Sources */,
				07C4BB8B25ED715100A67CC5 /* Frameworks */,
				07C4BB8C25ED715100A67CC5 /* Resources */,
			);
			buildRules = (
			);
			dependencies = (
				07C4BB9025ED715100A67CC5 /* PBXTargetDependency */,
			);
			name = AbsenceRecorderUITests;
			productName = AbsenceRecorderUITests;
			productReference = 07C4BB8E25ED715100A67CC5 /* AbsenceRecorderUITests.xctest */;
			productType = "com.apple.product-type.bundle.ui-testing";
		};
/* End PBXNativeTarget section */

/* Begin PBXProject section */
		07C4BB6A25ED714C00A67CC5 /* Project object */ = {
			isa = PBXProject;
			attributes = {
				LastSwiftUpdateCheck = 1220;
				LastUpgradeCheck = 1220;
				TargetAttributes = {
					07C4BB7125ED714C00A67CC5 = {
						CreatedOnToolsVersion = 12.2;
					};
					07C4BB8225ED715100A67CC5 = {
						CreatedOnToolsVersion = 12.2;
						TestTargetID = 07C4BB7125ED714C00A67CC5;
					};
					07C4BB8D25ED715100A67CC5 = {
						CreatedOnToolsVersion = 12.2;
						TestTargetID = 07C4BB7125ED714C00A67CC5;
					};
				};
			};
			buildConfigurationList = 07C4BB6D25ED714C00A67CC5 /* Build configuration list for PBXProject "AbsenceRecorder" */;
			compatibilityVersion = "Xcode 9.3";
			developmentRegion = en;
			hasScannedForEncodings = 0;
			knownRegions = (
				en,
				Base,
			);
			mainGroup = 07C4BB6925ED714C00A67CC5;
			productRefGroup = 07C4BB7325ED714C00A67CC5 /* Products */;
			projectDirPath = "";
			projectRoot = "";
			targets = (
				07C4BB7125ED714C00A67CC5 /* AbsenceRecorder */,
				07C4BB8225ED715100A67CC5 /* AbsenceRecorderTests */,
				07C4BB8D25ED715100A67CC5 /* AbsenceRecorderUITests */,
			);
		};
/* End PBXProject section */

/* Begin PBXResourcesBuildPhase section */
		07C4BB7025ED714C00A67CC5 /* Resources */ = {
			isa = PBXResourcesBuildPhase;
			buildActionMask = 2147483647;
			files = (
				07C4BB7D25ED715000A67CC5 /* Preview Assets.xcassets in Resources */,
				07C4BB7A25ED715000A67CC5 /* Assets.xcassets in Resources */,
			);
			runOnlyForDeploymentPostprocessing = 0;
		};
		07C4BB8125ED715100A67CC5 /* Resources */ = {
			isa = PBXResourcesBuildPhase;
			buildActionMask = 2147483647;
			files = (
			);
			runOnlyForDeploymentPostprocessing = 0;
		};
		07C4BB8C25ED715100A67CC5 /* Resources */ = {
			isa = PBXResourcesBuildPhase;
			buildActionMask = 2147483647;
			files = (
			);
			runOnlyForDeploymentPostprocessing = 0;
		};
/* End PBXResourcesBuildPhase section */

/* Begin PBXSourcesBuildPhase section */
		07C4BB6E25ED714C00A67CC5 /* Sources */ = {
			isa = PBXSourcesBuildPhase;
			buildActionMask = 2147483647;
			files = (
				07C4BB7825ED714C00A67CC5 /* DivisionsView.swift in Sources */,
				074C06CE25F582BF00C33236 /* Date.swift in Sources */,
				07EB712525FACDEA000E2965 /* RootTabView.swift in Sources */,
				0777BA122603F8D60022C03F /* FileManager.swift in Sources */,
				07B0728125FEC3F300436E56 /* StudentAbsence.swift in Sources */,
				07C4BBA625ED7A4600A67CC5 /* Student.swift in Sources */,
				07B0727C25FEA9E400436E56 /* AbsenceItem.swift in Sources */,
				07EB713425FAD09E000E2965 /* StatisticsView.swift in Sources */,
				07C4BBB125ED7AA600A67CC5 /* Division.swift in Sources */,
				07C4BB7625ED714C00A67CC5 /* AbsenceRecorderApp.swift in Sources */,
				07CD64AA25F58C1F00D8A7E9 /* DivisionItem.swift in Sources */,
				07EB712025FACC8D000E2965 /* AbsenceView.swift in Sources */,
				07B072862600088600436E56 /* Absence.swift in Sources */,
				07EB713C25FAD2CA000E2965 /* StateController.swift in Sources */,
			);
			runOnlyForDeploymentPostprocessing = 0;
		};
		07C4BB7F25ED715100A67CC5 /* Sources */ = {
			isa = PBXSourcesBuildPhase;
			buildActionMask = 2147483647;
			files = (
				07B0728B26000D0A00436E56 /* DivisionTests.swift in Sources */,
				07C4BB8825ED715100A67CC5 /* AbsenceRecorderTests.swift in Sources */,
			);
			runOnlyForDeploymentPostprocessing = 0;
		};
		07C4BB8A25ED715100A67CC5 /* Sources */ = {
			isa = PBXSourcesBuildPhase;
			buildActionMask = 2147483647;
			files = (
				07C4BB9325ED715100A67CC5 /* AbsenceRecorderUITests.swift in Sources */,
			);
			runOnlyForDeploymentPostprocessing = 0;
		};
/* End PBXSourcesBuildPhase section */

/* Begin PBXTargetDependency section */
		07C4BB8525ED715100A67CC5 /* PBXTargetDependency */ = {
			isa = PBXTargetDependency;
			target = 07C4BB7125ED714C00A67CC5 /* AbsenceRecorder */;
			targetProxy = 07C4BB8425ED715100A67CC5 /* PBXContainerItemProxy */;
		};
		07C4BB9025ED715100A67CC5 /* PBXTargetDependency */ = {
			isa = PBXTargetDependency;
			target = 07C4BB7125ED714C00A67CC5 /* AbsenceRecorder */;
			targetProxy = 07C4BB8F25ED715100A67CC5 /* PBXContainerItemProxy */;
		};
/* End PBXTargetDependency section */

/* Begin XCBuildConfiguration section */
		07C4BB9525ED715100A67CC5 /* Debug */ = {
			isa = XCBuildConfiguration;
			buildSettings = {
				ALWAYS_SEARCH_USER_PATHS = NO;
				CLANG_ANALYZER_NONNULL = YES;
				CLANG_ANALYZER_NUMBER_OBJECT_CONVERSION = YES_AGGRESSIVE;
				CLANG_CXX_LANGUAGE_STANDARD = "gnu++14";
				CLANG_CXX_LIBRARY = "libc++";
				CLANG_ENABLE_MODULES = YES;
				CLANG_ENABLE_OBJC_ARC = YES;
				CLANG_ENABLE_OBJC_WEAK = YES;
				CLANG_WARN_BLOCK_CAPTURE_AUTORELEASING = YES;
				CLANG_WARN_BOOL_CONVERSION = YES;
				CLANG_WARN_COMMA = YES;
				CLANG_WARN_CONSTANT_CONVERSION = YES;
				CLANG_WARN_DEPRECATED_OBJC_IMPLEMENTATIONS = YES;
				CLANG_WARN_DIRECT_OBJC_ISA_USAGE = YES_ERROR;
				CLANG_WARN_DOCUMENTATION_COMMENTS = YES;
				CLANG_WARN_EMPTY_BODY = YES;
				CLANG_WARN_ENUM_CONVERSION = YES;
				CLANG_WARN_INFINITE_RECURSION = YES;
				CLANG_WARN_INT_CONVERSION = YES;
				CLANG_WARN_NON_LITERAL_NULL_CONVERSION = YES;
				CLANG_WARN_OBJC_IMPLICIT_RETAIN_SELF = YES;
				CLANG_WARN_OBJC_LITERAL_CONVERSION = YES;
				CLANG_WARN_OBJC_ROOT_CLASS = YES_ERROR;
				CLANG_WARN_QUOTED_INCLUDE_IN_FRAMEWORK_HEADER = YES;
				CLANG_WARN_RANGE_LOOP_ANALYSIS = YES;
				CLANG_WARN_STRICT_PROTOTYPES = YES;
				CLANG_WARN_SUSPICIOUS_MOVE = YES;
				CLANG_WARN_UNGUARDED_AVAILABILITY = YES_AGGRESSIVE;
				CLANG_WARN_UNREACHABLE_CODE = YES;
				CLANG_WARN__DUPLICATE_METHOD_MATCH = YES;
				COPY_PHASE_STRIP = NO;
				DEBUG_INFORMATION_FORMAT = dwarf;
				ENABLE_STRICT_OBJC_MSGSEND = YES;
				ENABLE_TESTABILITY = YES;
				GCC_C_LANGUAGE_STANDARD = gnu11;
				GCC_DYNAMIC_NO_PIC = NO;
				GCC_NO_COMMON_BLOCKS = YES;
				GCC_OPTIMIZATION_LEVEL = 0;
				GCC_PREPROCESSOR_DEFINITIONS = (
					"DEBUG=1",
					"$(inherited)",
				);
				GCC_WARN_64_TO_32_BIT_CONVERSION = YES;
				GCC_WARN_ABOUT_RETURN_TYPE = YES_ERROR;
				GCC_WARN_UNDECLARED_SELECTOR = YES;
				GCC_WARN_UNINITIALIZED_AUTOS = YES_AGGRESSIVE;
				GCC_WARN_UNUSED_FUNCTION = YES;
				GCC_WARN_UNUSED_VARIABLE = YES;
				IPHONEOS_DEPLOYMENT_TARGET = 14.2;
				MTL_ENABLE_DEBUG_INFO = INCLUDE_SOURCE;
				MTL_FAST_MATH = YES;
				ONLY_ACTIVE_ARCH = YES;
				SDKROOT = iphoneos;
				SWIFT_ACTIVE_COMPILATION_CONDITIONS = DEBUG;
				SWIFT_OPTIMIZATION_LEVEL = "-Onone";
			};
			name = Debug;
		};
		07C4BB9625ED715100A67CC5 /* Release */ = {
			isa = XCBuildConfiguration;
			buildSettings = {
				ALWAYS_SEARCH_USER_PATHS = NO;
				CLANG_ANALYZER_NONNULL = YES;
				CLANG_ANALYZER_NUMBER_OBJECT_CONVERSION = YES_AGGRESSIVE;
				CLANG_CXX_LANGUAGE_STANDARD = "gnu++14";
				CLANG_CXX_LIBRARY = "libc++";
				CLANG_ENABLE_MODULES = YES;
				CLANG_ENABLE_OBJC_ARC = YES;
				CLANG_ENABLE_OBJC_WEAK = YES;
				CLANG_WARN_BLOCK_CAPTURE_AUTORELEASING = YES;
				CLANG_WARN_BOOL_CONVERSION = YES;
				CLANG_WARN_COMMA = YES;
				CLANG_WARN_CONSTANT_CONVERSION = YES;
				CLANG_WARN_DEPRECATED_OBJC_IMPLEMENTATIONS = YES;
				CLANG_WARN_DIRECT_OBJC_ISA_USAGE = YES_ERROR;
				CLANG_WARN_DOCUMENTATION_COMMENTS = YES;
				CLANG_WARN_EMPTY_BODY = YES;
				CLANG_WARN_ENUM_CONVERSION = YES;
				CLANG_WARN_INFINITE_RECURSION = YES;
				CLANG_WARN_INT_CONVERSION = YES;
				CLANG_WARN_NON_LITERAL_NULL_CONVERSION = YES;
				CLANG_WARN_OBJC_IMPLICIT_RETAIN_SELF = YES;
				CLANG_WARN_OBJC_LITERAL_CONVERSION = YES;
				CLANG_WARN_OBJC_ROOT_CLASS = YES_ERROR;
				CLANG_WARN_QUOTED_INCLUDE_IN_FRAMEWORK_HEADER = YES;
				CLANG_WARN_RANGE_LOOP_ANALYSIS = YES;
				CLANG_WARN_STRICT_PROTOTYPES = YES;
				CLANG_WARN_SUSPICIOUS_MOVE = YES;
				CLANG_WARN_UNGUARDED_AVAILABILITY = YES_AGGRESSIVE;
				CLANG_WARN_UNREACHABLE_CODE = YES;
				CLANG_WARN__DUPLICATE_METHOD_MATCH = YES;
				COPY_PHASE_STRIP = NO;
				DEBUG_INFORMATION_FORMAT = "dwarf-with-dsym";
				ENABLE_NS_ASSERTIONS = NO;
				ENABLE_STRICT_OBJC_MSGSEND = YES;
				GCC_C_LANGUAGE_STANDARD = gnu11;
				GCC_NO_COMMON_BLOCKS = YES;
				GCC_WARN_64_TO_32_BIT_CONVERSION = YES;
				GCC_WARN_ABOUT_RETURN_TYPE = YES_ERROR;
				GCC_WARN_UNDECLARED_SELECTOR = YES;
				GCC_WARN_UNINITIALIZED_AUTOS = YES_AGGRESSIVE;
				GCC_WARN_UNUSED_FUNCTION = YES;
				GCC_WARN_UNUSED_VARIABLE = YES;
				IPHONEOS_DEPLOYMENT_TARGET = 14.2;
				MTL_ENABLE_DEBUG_INFO = NO;
				MTL_FAST_MATH = YES;
				SDKROOT = iphoneos;
				SWIFT_COMPILATION_MODE = wholemodule;
				SWIFT_OPTIMIZATION_LEVEL = "-O";
				VALIDATE_PRODUCT = YES;
			};
			name = Release;
		};
		07C4BB9825ED715100A67CC5 /* Debug */ = {
			isa = XCBuildConfiguration;
			buildSettings = {
				ASSETCATALOG_COMPILER_APPICON_NAME = AppIcon;
				ASSETCATALOG_COMPILER_GLOBAL_ACCENT_COLOR_NAME = AccentColor;
				CODE_SIGN_STYLE = Automatic;
				DEVELOPMENT_ASSET_PATHS = "\"AbsenceRecorder/Preview Content\"";
				ENABLE_PREVIEWS = YES;
				INFOPLIST_FILE = AbsenceRecorder/Info.plist;
				IPHONEOS_DEPLOYMENT_TARGET = 14.0;
				LD_RUNPATH_SEARCH_PATHS = (
					"$(inherited)",
					"@executable_path/Frameworks",
				);
				PRODUCT_BUNDLE_IDENTIFIER = "com.saahil-b.AbsenceRecorder";
				PRODUCT_NAME = "$(TARGET_NAME)";
				SWIFT_VERSION = 5.0;
				TARGETED_DEVICE_FAMILY = "1,2";
			};
			name = Debug;
		};
		07C4BB9925ED715100A67CC5 /* Release */ = {
			isa = XCBuildConfiguration;
			buildSettings = {
				ASSETCATALOG_COMPILER_APPICON_NAME = AppIcon;
				ASSETCATALOG_COMPILER_GLOBAL_ACCENT_COLOR_NAME = AccentColor;
				CODE_SIGN_STYLE = Automatic;
				DEVELOPMENT_ASSET_PATHS = "\"AbsenceRecorder/Preview Content\"";
				ENABLE_PREVIEWS = YES;
				INFOPLIST_FILE = AbsenceRecorder/Info.plist;
				IPHONEOS_DEPLOYMENT_TARGET = 14.0;
				LD_RUNPATH_SEARCH_PATHS = (
					"$(inherited)",
					"@executable_path/Frameworks",
				);
				PRODUCT_BUNDLE_IDENTIFIER = "com.saahil-b.AbsenceRecorder";
				PRODUCT_NAME = "$(TARGET_NAME)";
				SWIFT_VERSION = 5.0;
				TARGETED_DEVICE_FAMILY = "1,2";
			};
			name = Release;
		};
		07C4BB9B25ED715100A67CC5 /* Debug */ = {
			isa = XCBuildConfiguration;
			buildSettings = {
				ALWAYS_EMBED_SWIFT_STANDARD_LIBRARIES = YES;
				BUNDLE_LOADER = "$(TEST_HOST)";
				CODE_SIGN_STYLE = Automatic;
				INFOPLIST_FILE = AbsenceRecorderTests/Info.plist;
				IPHONEOS_DEPLOYMENT_TARGET = 14.0;
				LD_RUNPATH_SEARCH_PATHS = (
					"$(inherited)",
					"@executable_path/Frameworks",
					"@loader_path/Frameworks",
				);
				PRODUCT_BUNDLE_IDENTIFIER = "com.saahil-b.AbsenceRecorderTests";
				PRODUCT_NAME = "$(TARGET_NAME)";
				SWIFT_VERSION = 5.0;
				TARGETED_DEVICE_FAMILY = "1,2";
				TEST_HOST = "$(BUILT_PRODUCTS_DIR)/AbsenceRecorder.app/AbsenceRecorder";
			};
			name = Debug;
		};
		07C4BB9C25ED715100A67CC5 /* Release */ = {
			isa = XCBuildConfiguration;
			buildSettings = {
				ALWAYS_EMBED_SWIFT_STANDARD_LIBRARIES = YES;
				BUNDLE_LOADER = "$(TEST_HOST)";
				CODE_SIGN_STYLE = Automatic;
				INFOPLIST_FILE = AbsenceRecorderTests/Info.plist;
				IPHONEOS_DEPLOYMENT_TARGET = 14.0;
				LD_RUNPATH_SEARCH_PATHS = (
					"$(inherited)",
					"@executable_path/Frameworks",
					"@loader_path/Frameworks",
				);
				PRODUCT_BUNDLE_IDENTIFIER = "com.saahil-b.AbsenceRecorderTests";
				PRODUCT_NAME = "$(TARGET_NAME)";
				SWIFT_VERSION = 5.0;
				TARGETED_DEVICE_FAMILY = "1,2";
				TEST_HOST = "$(BUILT_PRODUCTS_DIR)/AbsenceRecorder.app/AbsenceRecorder";
			};
			name = Release;
		};
		07C4BB9E25ED715100A67CC5 /* Debug */ = {
			isa = XCBuildConfiguration;
			buildSettings = {
				ALWAYS_EMBED_SWIFT_STANDARD_LIBRARIES = YES;
				CODE_SIGN_STYLE = Automatic;
				INFOPLIST_FILE = AbsenceRecorderUITests/Info.plist;
				LD_RUNPATH_SEARCH_PATHS = (
					"$(inherited)",
					"@executable_path/Frameworks",
					"@loader_path/Frameworks",
				);
				PRODUCT_BUNDLE_IDENTIFIER = "com.saahil-b.AbsenceRecorderUITests";
				PRODUCT_NAME = "$(TARGET_NAME)";
				SWIFT_VERSION = 5.0;
				TARGETED_DEVICE_FAMILY = "1,2";
				TEST_TARGET_NAME = AbsenceRecorder;
			};
			name = Debug;
		};
		07C4BB9F25ED715100A67CC5 /* Release */ = {
			isa = XCBuildConfiguration;
			buildSettings = {
				ALWAYS_EMBED_SWIFT_STANDARD_LIBRARIES = YES;
				CODE_SIGN_STYLE = Automatic;
				INFOPLIST_FILE = AbsenceRecorderUITests/Info.plist;
				LD_RUNPATH_SEARCH_PATHS = (
					"$(inherited)",
					"@executable_path/Frameworks",
					"@loader_path/Frameworks",
				);
				PRODUCT_BUNDLE_IDENTIFIER = "com.saahil-b.AbsenceRecorderUITests";
				PRODUCT_NAME = "$(TARGET_NAME)";
				SWIFT_VERSION = 5.0;
				TARGETED_DEVICE_FAMILY = "1,2";
				TEST_TARGET_NAME = AbsenceRecorder;
			};
			name = Release;
		};
/* End XCBuildConfiguration section */

/* Begin XCConfigurationList section */
		07C4BB6D25ED714C00A67CC5 /* Build configuration list for PBXProject "AbsenceRecorder" */ = {
			isa = XCConfigurationList;
			buildConfigurations = (
				07C4BB9525ED715100A67CC5 /* Debug */,
				07C4BB9625ED715100A67CC5 /* Release */,
			);
			defaultConfigurationIsVisible = 0;
			defaultConfigurationName = Release;
		};
		07C4BB9725ED715100A67CC5 /* Build configuration list for PBXNativeTarget "AbsenceRecorder" */ = {
			isa = XCConfigurationList;
			buildConfigurations = (
				07C4BB9825ED715100A67CC5 /* Debug */,
				07C4BB9925ED715100A67CC5 /* Release */,
			);
			defaultConfigurationIsVisible = 0;
			defaultConfigurationName = Release;
		};
		07C4BB9A25ED715100A67CC5 /* Build configuration list for PBXNativeTarget "AbsenceRecorderTests" */ = {
			isa = XCConfigurationList;
			buildConfigurations = (
				07C4BB9B25ED715100A67CC5 /* Debug */,
				07C4BB9C25ED715100A67CC5 /* Release */,
			);
			defaultConfigurationIsVisible = 0;
			defaultConfigurationName = Release;
		};
		07C4BB9D25ED715100A67CC5 /* Build configuration list for PBXNativeTarget "AbsenceRecorderUITests" */ = {
			isa = XCConfigurationList;
			buildConfigurations = (
				07C4BB9E25ED715100A67CC5 /* Debug */,
				07C4BB9F25ED715100A67CC5 /* Release */,
			);
			defaultConfigurationIsVisible = 0;
			defaultConfigurationName = Release;
		};
/* End XCConfigurationList section */
	};
	rootObject = 07C4BB6A25ED714C00A67CC5 /* Project object */;
}
